<?xml version="1.0" encoding="utf-8"?>
<Project ToolsVersion="4.0" xmlns="http://schemas.microsoft.com/developer/msbuild/2003">
  <ItemGroup>
    <Filter Include="Application">
      <UniqueIdentifier>{22e205c7-68fc-4d56-8fd3-bf041e4da157}</UniqueIdentifier>
    </Filter>
    <Filter Include="Card">
      <UniqueIdentifier>{c66bca32-cc3a-40bf-ad8f-5c3339229864}</UniqueIdentifier>
    </Filter>
    <Filter Include="Terminal">
      <UniqueIdentifier>{bbb07ed8-f942-47bc-9215-e6beb9c57b81}</UniqueIdentifier>
    </Filter>
    <Filter Include="Server">
      <UniqueIdentifier>{56080ec7-efcc-4e24-a01f-a773f06c3247}</UniqueIdentifier>
    </Filter>
  </ItemGroup>
  <ItemGroup>
    <ClCompile Include="app.c">
      <Filter>Application</Filter>
    </ClCompile>
    <ClCompile Include="card.c">
      <Filter>Card</Filter>
    </ClCompile>
    <ClCompile Include="terminal.c">
      <Filter>Terminal</Filter>
    </ClCompile>
    <ClCompile Include="server.c">
      <Filter>Server</Filter>
    </ClCompile>
  </ItemGroup>
  <ItemGroup>
    <ClInclude Include="app.h">
      <Filter>Application</Filter>
    </ClInclude>
    <ClInclude Include="card.h">
      <Filter>Card</Filter>
    </ClInclude>
    <ClInclude Include="terminal.h">
      <Filter>Terminal</Filter>
    </ClInclude>
    <ClInclude Include="server.h">
      <Filter>Server</Filter>
    </ClInclude>
  </ItemGroup>
</Project>